
Microsoft Visual Studio Solution File, Format Version 12.00
# Visual Studio Version 17
VisualStudioVersion = 17.9.34714.143
MinimumVisualStudioVersion = 10.0.40219.1
Project("{9A19103F-16F7-4668-BE54-9A1E7A4F7556}") = "RemoveDuplicateIdentifier", "RemoveDuplicateIdentifier\RemoveDuplicateIdentifier.csproj", "{684A9F39-2907-4648-BCD0-BD0690124E5F}"
EndProject
Project("{2150E333-8FDC-42A3-9474-1A3956D46DE8}") = "SolutionItems", "SolutionItems", "{B99C4CD4-67AC-40CF-8468-690D5ACE82FD}"
	ProjectSection(SolutionItems) = preProject
		ReadMe.md = ReadMe.md
	EndProjectSection
EndProject
Global
	GlobalSection(SolutionConfigurationPlatforms) = preSolution
		Debug|Any CPU = Debug|Any CPU
		Release|Any CPU = Release|Any CPU
	EndGlobalSection
	GlobalSection(ProjectConfigurationPlatforms) = postSolution
		{684A9F39-2907-4648-BCD0-BD0690124E5F}.Debug|Any CPU.ActiveCfg = Debug|Any CPU
		{684A9F39-2907-4648-BCD0-BD0690124E5F}.Debug|Any CPU.Build.0 = Debug|Any CPU
		{684A9F39-2907-4648-BCD0-BD0690124E5F}.Release|Any CPU.ActiveCfg = Release|Any CPU
		{684A9F39-2907-4648-BCD0-BD0690124E5F}.Release|Any CPU.Build.0 = Release|Any CPU
	EndGlobalSection
	GlobalSection(SolutionProperties) = preSolution
		HideSolutionNode = FALSE
	EndGlobalSection
	GlobalSection(ExtensibilityGlobals) = postSolution
		SolutionGuid = {38567EFA-1954-401B-B4B1-CAF19176BF57}
	EndGlobalSection
EndGlobal
